{
  "name": "nxtline",
  "version": "1.0.0",
  "lockfileVersion": 2,
  "requires": true,
  "packages": {
    "": {
      "name": "nxtline",
      "version": "1.0.0",
      "license": "ISC",
      "dependencies": {
        "@types/node": "^14.6.4",
        "trollsmile-core": "^3.0.0"
      },
      "bin": {
        "nxtline": "main.js"
      }
    },
    "node_modules/@types/node": {
      "version": "14.6.4",
      "resolved": "https://registry.npmjs.org/@types/node/-/node-14.6.4.tgz",
      "integrity": "sha512-Wk7nG1JSaMfMpoMJDKUsWYugliB2Vy55pdjLpmLixeyMi7HizW2I/9QoxsPCkXl3dO+ZOVqPumKaDUv5zJu2uQ=="
    },
    "node_modules/trollsmile-core": {
      "version": "3.0.0",
      "resolved": "https://registry.npmjs.org/trollsmile-core/-/trollsmile-core-3.0.0.tgz",
      "integrity": "sha512-bq8hKSckKoV4VRpy8recjNXXdrui4Ojy4k/HN+NyZdJlCEhpmKMlL1nx2i+YzIbgwgZXo9X2vtDzW87uH4pXJA=="
    }
  },
  "dependencies": {
    "@types/node": {
      "version": "14.6.4",
      "resolved": "https://registry.npmjs.org/@types/node/-/node-14.6.4.tgz",
      "integrity": "sha512-Wk7nG1JSaMfMpoMJDKUsWYugliB2Vy55pdjLpmLixeyMi7HizW2I/9QoxsPCkXl3dO+ZOVqPumKaDUv5zJu2uQ=="
    },
    "trollsmile-core": {
      "version": "3.0.0",
      "resolved": "https://registry.npmjs.org/trollsmile-core/-/trollsmile-core-3.0.0.tgz",
      "integrity": "sha512-bq8hKSckKoV4VRpy8recjNXXdrui4Ojy4k/HN+NyZdJlCEhpmKMlL1nx2i+YzIbgwgZXo9X2vtDzW87uH4pXJA=="
    }
  }
}
